
Microsoft Visual Studio Solution File, Format Version 12.00
# Visual Studio Version 17
VisualStudioVersion = 17.5.33530.505
MinimumVisualStudioVersion = 10.0.40219.1
Project("{F184B08F-C81C-45F6-A57F-5ABD9991F28F}") = "Clinica", "Clinica.vbproj", "{44C29280-39F1-4709-AF7D-D51CAD60AF37}"
EndProject
Global
	GlobalSection(SolutionConfigurationPlatforms) = preSolution
		Debug|Any CPU = Debug|Any CPU
		Release|Any CPU = Release|Any CPU
	EndGlobalSection
	GlobalSection(ProjectConfigurationPlatforms) = postSolution
		{44C29280-39F1-4709-AF7D-D51CAD60AF37}.Debug|Any CPU.ActiveCfg = Debug|Any CPU
		{44C29280-39F1-4709-AF7D-D51CAD60AF37}.Debug|Any CPU.Build.0 = Debug|Any CPU
		{44C29280-39F1-4709-AF7D-D51CAD60AF37}.Release|Any CPU.ActiveCfg = Release|Any CPU
		{44C29280-39F1-4709-AF7D-D51CAD60AF37}.Release|Any CPU.Build.0 = Release|Any CPU
	EndGlobalSection
	GlobalSection(SolutionProperties) = preSolution
		HideSolutionNode = FALSE
	EndGlobalSection
	GlobalSection(ExtensibilityGlobals) = postSolution
		SolutionGuid = {2338F1A1-093E-4978-B4A9-C8A74FA54060}
	EndGlobalSection
EndGlobal
